
Microsoft Visual Studio Solution File, Format Version 12.00
# Visual Studio 14
VisualStudioVersion = 14.0.24720.0
MinimumVisualStudioVersion = 10.0.40219.1
Project("{F14B399A-7131-4C87-9E4B-1186C45EF12D}") = "Buro_SavingsAccountOpening_Register", "Buro_SavingsAccountOpening_Register\Buro_SavingsAccountOpening_Register.rptproj", "{4E7A1853-6F7F-4F2F-8966-C77E3E14A816}"
EndProject
Global
	GlobalSection(SolutionConfigurationPlatforms) = preSolution
		Debug|Default = Debug|Default
		DebugLocal|Default = DebugLocal|Default
		Release|Default = Release|Default
	EndGlobalSection
	GlobalSection(ProjectConfigurationPlatforms) = postSolution
		{4E7A1853-6F7F-4F2F-8966-C77E3E14A816}.Debug|Default.ActiveCfg = Debug
		{4E7A1853-6F7F-4F2F-8966-C77E3E14A816}.Debug|Default.Build.0 = Debug
		{4E7A1853-6F7F-4F2F-8966-C77E3E14A816}.Debug|Default.Deploy.0 = Debug
		{4E7A1853-6F7F-4F2F-8966-C77E3E14A816}.DebugLocal|Default.ActiveCfg = DebugLocal
		{4E7A1853-6F7F-4F2F-8966-C77E3E14A816}.DebugLocal|Default.Build.0 = DebugLocal
		{4E7A1853-6F7F-4F2F-8966-C77E3E14A816}.Release|Default.ActiveCfg = Release
		{4E7A1853-6F7F-4F2F-8966-C77E3E14A816}.Release|Default.Build.0 = Release
		{4E7A1853-6F7F-4F2F-8966-C77E3E14A816}.Release|Default.Deploy.0 = Release
	EndGlobalSection
	GlobalSection(SolutionProperties) = preSolution
		HideSolutionNode = FALSE
	EndGlobalSection
EndGlobal
