
Microsoft Visual Studio Solution File, Format Version 12.00
# Visual Studio 14
VisualStudioVersion = 14.0.23107.0
MinimumVisualStudioVersion = 10.0.40219.1
Project("{F14B399A-7131-4C87-9E4B-1186C45EF12D}") = "Loan_Portfolio_Statement", "Loan_Portfolio_Statement\Loan_Portfolio_Statement.rptproj", "{57F47CB4-70A6-448D-8DDF-C67D73AC70AF}"
EndProject
Global
	GlobalSection(SolutionConfigurationPlatforms) = preSolution
		Debug|Default = Debug|Default
		DebugLocal|Default = DebugLocal|Default
		Release|Default = Release|Default
	EndGlobalSection
	GlobalSection(ProjectConfigurationPlatforms) = postSolution
		{57F47CB4-70A6-448D-8DDF-C67D73AC70AF}.Debug|Default.ActiveCfg = Debug
		{57F47CB4-70A6-448D-8DDF-C67D73AC70AF}.Debug|Default.Build.0 = Debug
		{57F47CB4-70A6-448D-8DDF-C67D73AC70AF}.Debug|Default.Deploy.0 = Debug
		{57F47CB4-70A6-448D-8DDF-C67D73AC70AF}.DebugLocal|Default.ActiveCfg = DebugLocal
		{57F47CB4-70A6-448D-8DDF-C67D73AC70AF}.DebugLocal|Default.Build.0 = DebugLocal
		{57F47CB4-70A6-448D-8DDF-C67D73AC70AF}.Release|Default.ActiveCfg = Release
		{57F47CB4-70A6-448D-8DDF-C67D73AC70AF}.Release|Default.Build.0 = Release
		{57F47CB4-70A6-448D-8DDF-C67D73AC70AF}.Release|Default.Deploy.0 = Release
	EndGlobalSection
	GlobalSection(SolutionProperties) = preSolution
		HideSolutionNode = FALSE
	EndGlobalSection
EndGlobal
