
Microsoft Visual Studio Solution File, Format Version 12.00
# Visual Studio 14
VisualStudioVersion = 14.0.23107.0
MinimumVisualStudioVersion = 10.0.40219.1
Project("{F14B399A-7131-4C87-9E4B-1186C45EF12D}") = "64. Cash Contra Voucher", "64. Cash Contra Voucher\64. Cash Contra Voucher.rptproj", "{07883AC7-D4FE-43A1-8393-4B33436E2D7A}"
EndProject
Global
	GlobalSection(SolutionConfigurationPlatforms) = preSolution
		Debug|Default = Debug|Default
		DebugLocal|Default = DebugLocal|Default
		Release|Default = Release|Default
	EndGlobalSection
	GlobalSection(ProjectConfigurationPlatforms) = postSolution
		{07883AC7-D4FE-43A1-8393-4B33436E2D7A}.Debug|Default.ActiveCfg = Debug
		{07883AC7-D4FE-43A1-8393-4B33436E2D7A}.Debug|Default.Build.0 = Debug
		{07883AC7-D4FE-43A1-8393-4B33436E2D7A}.Debug|Default.Deploy.0 = Debug
		{07883AC7-D4FE-43A1-8393-4B33436E2D7A}.DebugLocal|Default.ActiveCfg = DebugLocal
		{07883AC7-D4FE-43A1-8393-4B33436E2D7A}.DebugLocal|Default.Build.0 = DebugLocal
		{07883AC7-D4FE-43A1-8393-4B33436E2D7A}.Release|Default.ActiveCfg = Release
		{07883AC7-D4FE-43A1-8393-4B33436E2D7A}.Release|Default.Build.0 = Release
		{07883AC7-D4FE-43A1-8393-4B33436E2D7A}.Release|Default.Deploy.0 = Release
	EndGlobalSection
	GlobalSection(SolutionProperties) = preSolution
		HideSolutionNode = FALSE
	EndGlobalSection
EndGlobal
