
Microsoft Visual Studio Solution File, Format Version 12.00
# Visual Studio 14
VisualStudioVersion = 14.0.24720.0
MinimumVisualStudioVersion = 10.0.40219.1
Project("{F14B399A-7131-4C87-9E4B-1186C45EF12D}") = "DSK_Recoverable_Register", "DSK_Recoverable_Register\DSK_Recoverable_Register.rptproj", "{1E04CE0C-482E-49C5-B64D-0E27ECEAE535}"
EndProject
Global
	GlobalSection(SolutionConfigurationPlatforms) = preSolution
		Debug|Default = Debug|Default
		DebugLocal|Default = DebugLocal|Default
		Release|Default = Release|Default
	EndGlobalSection
	GlobalSection(ProjectConfigurationPlatforms) = postSolution
		{1E04CE0C-482E-49C5-B64D-0E27ECEAE535}.Debug|Default.ActiveCfg = Debug
		{1E04CE0C-482E-49C5-B64D-0E27ECEAE535}.Debug|Default.Build.0 = Debug
		{1E04CE0C-482E-49C5-B64D-0E27ECEAE535}.Debug|Default.Deploy.0 = Debug
		{1E04CE0C-482E-49C5-B64D-0E27ECEAE535}.DebugLocal|Default.ActiveCfg = DebugLocal
		{1E04CE0C-482E-49C5-B64D-0E27ECEAE535}.DebugLocal|Default.Build.0 = DebugLocal
		{1E04CE0C-482E-49C5-B64D-0E27ECEAE535}.Release|Default.ActiveCfg = Release
		{1E04CE0C-482E-49C5-B64D-0E27ECEAE535}.Release|Default.Build.0 = Release
		{1E04CE0C-482E-49C5-B64D-0E27ECEAE535}.Release|Default.Deploy.0 = Release
	EndGlobalSection
	GlobalSection(SolutionProperties) = preSolution
		HideSolutionNode = FALSE
	EndGlobalSection
EndGlobal
