
Microsoft Visual Studio Solution File, Format Version 12.00
# Visual Studio 14
VisualStudioVersion = 14.0.24720.0
MinimumVisualStudioVersion = 10.0.40219.1
Project("{F14B399A-7131-4C87-9E4B-1186C45EF12D}") = "27. AccountsInfo_2", "27. AccountsInfo_2\27. AccountsInfo_2.rptproj", "{82CE99EC-277B-4A61-86A5-1D6D4895F010}"
EndProject
Global
	GlobalSection(SolutionConfigurationPlatforms) = preSolution
		Debug|Default = Debug|Default
		DebugLocal|Default = DebugLocal|Default
		Release|Default = Release|Default
	EndGlobalSection
	GlobalSection(ProjectConfigurationPlatforms) = postSolution
		{82CE99EC-277B-4A61-86A5-1D6D4895F010}.Debug|Default.ActiveCfg = Debug
		{82CE99EC-277B-4A61-86A5-1D6D4895F010}.Debug|Default.Build.0 = Debug
		{82CE99EC-277B-4A61-86A5-1D6D4895F010}.Debug|Default.Deploy.0 = Debug
		{82CE99EC-277B-4A61-86A5-1D6D4895F010}.DebugLocal|Default.ActiveCfg = DebugLocal
		{82CE99EC-277B-4A61-86A5-1D6D4895F010}.DebugLocal|Default.Build.0 = DebugLocal
		{82CE99EC-277B-4A61-86A5-1D6D4895F010}.Release|Default.ActiveCfg = Release
		{82CE99EC-277B-4A61-86A5-1D6D4895F010}.Release|Default.Build.0 = Release
		{82CE99EC-277B-4A61-86A5-1D6D4895F010}.Release|Default.Deploy.0 = Release
	EndGlobalSection
	GlobalSection(SolutionProperties) = preSolution
		HideSolutionNode = FALSE
	EndGlobalSection
EndGlobal
