
Microsoft Visual Studio Solution File, Format Version 12.00
# Visual Studio 14
VisualStudioVersion = 14.0.24720.0
MinimumVisualStudioVersion = 10.0.40219.1
Project("{F14B399A-7131-4C87-9E4B-1186C45EF12D}") = "SavingsRefundRegister", "SavingsRefundRegister\SavingsRefundRegister.rptproj", "{253904C6-7A7D-43EA-A939-E0238F724D59}"
EndProject
Global
	GlobalSection(SolutionConfigurationPlatforms) = preSolution
		Debug|Default = Debug|Default
		DebugLocal|Default = DebugLocal|Default
		Release|Default = Release|Default
	EndGlobalSection
	GlobalSection(ProjectConfigurationPlatforms) = postSolution
		{253904C6-7A7D-43EA-A939-E0238F724D59}.Debug|Default.ActiveCfg = Debug
		{253904C6-7A7D-43EA-A939-E0238F724D59}.Debug|Default.Build.0 = Debug
		{253904C6-7A7D-43EA-A939-E0238F724D59}.Debug|Default.Deploy.0 = Debug
		{253904C6-7A7D-43EA-A939-E0238F724D59}.DebugLocal|Default.ActiveCfg = DebugLocal
		{253904C6-7A7D-43EA-A939-E0238F724D59}.DebugLocal|Default.Build.0 = DebugLocal
		{253904C6-7A7D-43EA-A939-E0238F724D59}.Release|Default.ActiveCfg = Release
		{253904C6-7A7D-43EA-A939-E0238F724D59}.Release|Default.Build.0 = Release
		{253904C6-7A7D-43EA-A939-E0238F724D59}.Release|Default.Deploy.0 = Release
	EndGlobalSection
	GlobalSection(SolutionProperties) = preSolution
		HideSolutionNode = FALSE
	EndGlobalSection
EndGlobal
